
Microsoft Visual Studio Solution File, Format Version 12.00
# Visual Studio Version 17
VisualStudioVersion = 17.8.34322.80
MinimumVisualStudioVersion = 10.0.40219.1
Project("{FAE04EC0-301F-11D3-BF4B-00C04F79EFBC}") = "CustomizedDataTableAspNetCore", "CustomizedDataTableAspNetCore\CustomizedDataTableAspNetCore.csproj", "{F478C3EB-C39F-443F-96FD-C2CB733D7849}"
EndProject
Global
	GlobalSection(SolutionConfigurationPlatforms) = preSolution
		Debug|Any CPU = Debug|Any CPU
		Release|Any CPU = Release|Any CPU
	EndGlobalSection
	GlobalSection(ProjectConfigurationPlatforms) = postSolution
		{F478C3EB-C39F-443F-96FD-C2CB733D7849}.Debug|Any CPU.ActiveCfg = Debug|Any CPU
		{F478C3EB-C39F-443F-96FD-C2CB733D7849}.Debug|Any CPU.Build.0 = Debug|Any CPU
		{F478C3EB-C39F-443F-96FD-C2CB733D7849}.Release|Any CPU.ActiveCfg = Release|Any CPU
		{F478C3EB-C39F-443F-96FD-C2CB733D7849}.Release|Any CPU.Build.0 = Release|Any CPU
	EndGlobalSection
	GlobalSection(SolutionProperties) = preSolution
		HideSolutionNode = FALSE
	EndGlobalSection
	GlobalSection(ExtensibilityGlobals) = postSolution
		SolutionGuid = {5C327C82-247F-4498-AEA4-40BAD64C0B8A}
	EndGlobalSection
EndGlobal
